
Microsoft Visual Studio Solution File, Format Version 12.00
# Visual Studio Version 16
VisualStudioVersion = 16.0.30114.105
MinimumVisualStudioVersion = 10.0.40219.1
Project("{FAE04EC0-301F-11D3-BF4B-00C04F79EFBC}") = "SteamCloudMusic", "SteamCloudMusic.csproj", "{ED19A6C0-C402-4818-A212-D1DB77A9DBA7}"
EndProject
Global
	GlobalSection(SolutionConfigurationPlatforms) = preSolution
		Debug|Any CPU = Debug|Any CPU
		Release|Any CPU = Release|Any CPU
	EndGlobalSection
	GlobalSection(ProjectConfigurationPlatforms) = postSolution
		{ED19A6C0-C402-4818-A212-D1DB77A9DBA7}.Debug|Any CPU.ActiveCfg = Debug|Any CPU
		{ED19A6C0-C402-4818-A212-D1DB77A9DBA7}.Debug|Any CPU.Build.0 = Debug|Any CPU
		{ED19A6C0-C402-4818-A212-D1DB77A9DBA7}.Release|Any CPU.ActiveCfg = Release|Any CPU
		{ED19A6C0-C402-4818-A212-D1DB77A9DBA7}.Release|Any CPU.Build.0 = Release|Any CPU
	EndGlobalSection
	GlobalSection(SolutionProperties) = preSolution
		HideSolutionNode = FALSE
	EndGlobalSection
	GlobalSection(ExtensibilityGlobals) = postSolution
		SolutionGuid = {4372637B-5DAF-4221-BE1B-9F8720C5FC30}
	EndGlobalSection
EndGlobal
